
Microsoft Visual Studio Solution File, Format Version 12.00
# Visual Studio Version 17
VisualStudioVersion = 17.1.32319.34
MinimumVisualStudioVersion = 10.0.40219.1
Project("{9A19103F-16F7-4668-BE54-9A1E7A4F7556}") = "DragonflyMVCApp", "DragonflyMVCApp\DragonflyMVCApp.csproj", "{3B040429-8404-40DE-998C-EE8AAF8FF6CF}"
EndProject
Project("{9A19103F-16F7-4668-BE54-9A1E7A4F7556}") = "DragonflyDataLibrary", "DragonflyDataLibrary\DragonflyDataLibrary.csproj", "{E9564363-E637-4413-876B-ED6955A27747}"
EndProject
Project("{9A19103F-16F7-4668-BE54-9A1E7A4F7556}") = "Dragonfly.Tests", "Dragonfly.Tests\Dragonfly.Tests.csproj", "{8389B6A1-035B-4C15-908A-F28FD58DB709}"
EndProject
Project("{9A19103F-16F7-4668-BE54-9A1E7A4F7556}") = "DbSeederAndTester", "DbSeederAndTester\DbSeederAndTester.csproj", "{ABE3F91B-7A26-4367-9612-600B13F5D12F}"
EndProject
Global
	GlobalSection(SolutionConfigurationPlatforms) = preSolution
		Debug|Any CPU = Debug|Any CPU
		Release|Any CPU = Release|Any CPU
	EndGlobalSection
	GlobalSection(ProjectConfigurationPlatforms) = postSolution
		{3B040429-8404-40DE-998C-EE8AAF8FF6CF}.Debug|Any CPU.ActiveCfg = Debug|Any CPU
		{3B040429-8404-40DE-998C-EE8AAF8FF6CF}.Debug|Any CPU.Build.0 = Debug|Any CPU
		{3B040429-8404-40DE-998C-EE8AAF8FF6CF}.Release|Any CPU.ActiveCfg = Release|Any CPU
		{3B040429-8404-40DE-998C-EE8AAF8FF6CF}.Release|Any CPU.Build.0 = Release|Any CPU
		{E9564363-E637-4413-876B-ED6955A27747}.Debug|Any CPU.ActiveCfg = Debug|Any CPU
		{E9564363-E637-4413-876B-ED6955A27747}.Debug|Any CPU.Build.0 = Debug|Any CPU
		{E9564363-E637-4413-876B-ED6955A27747}.Release|Any CPU.ActiveCfg = Release|Any CPU
		{E9564363-E637-4413-876B-ED6955A27747}.Release|Any CPU.Build.0 = Release|Any CPU
		{8389B6A1-035B-4C15-908A-F28FD58DB709}.Debug|Any CPU.ActiveCfg = Debug|Any CPU
		{8389B6A1-035B-4C15-908A-F28FD58DB709}.Debug|Any CPU.Build.0 = Debug|Any CPU
		{8389B6A1-035B-4C15-908A-F28FD58DB709}.Release|Any CPU.ActiveCfg = Release|Any CPU
		{8389B6A1-035B-4C15-908A-F28FD58DB709}.Release|Any CPU.Build.0 = Release|Any CPU
		{ABE3F91B-7A26-4367-9612-600B13F5D12F}.Debug|Any CPU.ActiveCfg = Debug|Any CPU
		{ABE3F91B-7A26-4367-9612-600B13F5D12F}.Debug|Any CPU.Build.0 = Debug|Any CPU
		{ABE3F91B-7A26-4367-9612-600B13F5D12F}.Release|Any CPU.ActiveCfg = Release|Any CPU
		{ABE3F91B-7A26-4367-9612-600B13F5D12F}.Release|Any CPU.Build.0 = Release|Any CPU
	EndGlobalSection
	GlobalSection(SolutionProperties) = preSolution
		HideSolutionNode = FALSE
	EndGlobalSection
	GlobalSection(ExtensibilityGlobals) = postSolution
		SolutionGuid = {E6EADE03-9F71-4E7A-9B03-1D1661D7ED93}
	EndGlobalSection
EndGlobal
